
Microsoft Visual Studio Solution File, Format Version 12.00
# Visual Studio 15
VisualStudioVersion = 15.0.28307.757
MinimumVisualStudioVersion = 10.0.40219.1
Project("{E24C65DC-7377-472B-9ABA-BC803B73C61A}") = "Posta(3)", ".", "{7CD9CE0B-0C7B-4EF5-A1EA-2953ECC2D820}"
	ProjectSection(WebsiteProperties) = preProject
		TargetFrameworkMoniker = ".NETFramework,Version%3Dv4.6"
		Debug.AspNetCompiler.VirtualPath = "/localhost_51149"
		Debug.AspNetCompiler.PhysicalPath = "..\..\..\..\..\GitHub\Posta\"
		Debug.AspNetCompiler.TargetPath = "PrecompiledWeb\localhost_51149\"
		Debug.AspNetCompiler.Updateable = "true"
		Debug.AspNetCompiler.ForceOverwrite = "true"
		Debug.AspNetCompiler.FixedNames = "false"
		Debug.AspNetCompiler.Debug = "True"
		Release.AspNetCompiler.VirtualPath = "/localhost_51149"
		Release.AspNetCompiler.PhysicalPath = "..\..\..\..\..\GitHub\Posta\"
		Release.AspNetCompiler.TargetPath = "PrecompiledWeb\localhost_51149\"
		Release.AspNetCompiler.Updateable = "true"
		Release.AspNetCompiler.ForceOverwrite = "true"
		Release.AspNetCompiler.FixedNames = "false"
		Release.AspNetCompiler.Debug = "False"
		VWDPort = "51149"
	EndProjectSection
EndProject
Global
	GlobalSection(SolutionConfigurationPlatforms) = preSolution
		Debug|Any CPU = Debug|Any CPU
	EndGlobalSection
	GlobalSection(ProjectConfigurationPlatforms) = postSolution
		{7CD9CE0B-0C7B-4EF5-A1EA-2953ECC2D820}.Debug|Any CPU.ActiveCfg = Debug|Any CPU
		{7CD9CE0B-0C7B-4EF5-A1EA-2953ECC2D820}.Debug|Any CPU.Build.0 = Debug|Any CPU
	EndGlobalSection
	GlobalSection(SolutionProperties) = preSolution
		HideSolutionNode = FALSE
	EndGlobalSection
	GlobalSection(ExtensibilityGlobals) = postSolution
		SolutionGuid = {9F8DBC75-2DBF-443B-B53E-D774A46D78D7}
	EndGlobalSection
EndGlobal
